
Microsoft Visual Studio Solution File, Format Version 12.00
# Visual Studio Version 17
VisualStudioVersion = 17.3.32929.385
MinimumVisualStudioVersion = 10.0.40219.1
Project("{8BC9CEB8-8B4A-11D0-8D11-00A0C91BC942}") = "Src", "Src\Src.vcxproj", "{FCC38F50-AC77-4286-9296-AB9AB43CCE5E}"
EndProject
Project("{8BC9CEB8-8B4A-11D0-8D11-00A0C91BC942}") = "Color", "..\Color\Color\Color.vcxproj", "{375B82C3-F193-4085-89A2-FD9FFB4B97AA}"
EndProject
Global
	GlobalSection(SolutionConfigurationPlatforms) = preSolution
		Debug|x64 = Debug|x64
		Debug|x86 = Debug|x86
		Release|x64 = Release|x64
		Release|x86 = Release|x86
	EndGlobalSection
	GlobalSection(ProjectConfigurationPlatforms) = postSolution
		{FCC38F50-AC77-4286-9296-AB9AB43CCE5E}.Debug|x64.ActiveCfg = Debug|x64
		{FCC38F50-AC77-4286-9296-AB9AB43CCE5E}.Debug|x64.Build.0 = Debug|x64
		{FCC38F50-AC77-4286-9296-AB9AB43CCE5E}.Debug|x86.ActiveCfg = Debug|Win32
		{FCC38F50-AC77-4286-9296-AB9AB43CCE5E}.Debug|x86.Build.0 = Debug|Win32
		{FCC38F50-AC77-4286-9296-AB9AB43CCE5E}.Release|x64.ActiveCfg = Release|x64
		{FCC38F50-AC77-4286-9296-AB9AB43CCE5E}.Release|x64.Build.0 = Release|x64
		{FCC38F50-AC77-4286-9296-AB9AB43CCE5E}.Release|x86.ActiveCfg = Release|Win32
		{FCC38F50-AC77-4286-9296-AB9AB43CCE5E}.Release|x86.Build.0 = Release|Win32
		{375B82C3-F193-4085-89A2-FD9FFB4B97AA}.Debug|x64.ActiveCfg = Debug|x64
		{375B82C3-F193-4085-89A2-FD9FFB4B97AA}.Debug|x64.Build.0 = Debug|x64
		{375B82C3-F193-4085-89A2-FD9FFB4B97AA}.Debug|x86.ActiveCfg = Debug|Win32
		{375B82C3-F193-4085-89A2-FD9FFB4B97AA}.Debug|x86.Build.0 = Debug|Win32
		{375B82C3-F193-4085-89A2-FD9FFB4B97AA}.Release|x64.ActiveCfg = Release|x64
		{375B82C3-F193-4085-89A2-FD9FFB4B97AA}.Release|x64.Build.0 = Release|x64
		{375B82C3-F193-4085-89A2-FD9FFB4B97AA}.Release|x86.ActiveCfg = Release|Win32
		{375B82C3-F193-4085-89A2-FD9FFB4B97AA}.Release|x86.Build.0 = Release|Win32
	EndGlobalSection
	GlobalSection(SolutionProperties) = preSolution
		HideSolutionNode = FALSE
	EndGlobalSection
	GlobalSection(ExtensibilityGlobals) = postSolution
		SolutionGuid = {7589B35A-91E6-4C3F-BFC6-E2CB0D4DDE8B}
	EndGlobalSection
EndGlobal
